
Microsoft Visual Studio Solution File, Format Version 12.00
# Visual Studio Version 16
VisualStudioVersion = 16.0.30114.105
MinimumVisualStudioVersion = 10.0.40219.1
Project("{8BC9CEB8-8B4A-11D0-8D11-00A0C91BC942}") = "RemoteReflectiveDLL", "RemoteReflectiveDLL\RemoteReflectiveDLL.vcxproj", "{7B787346-45C6-4E90-AB1E-7820433B3A10}"
EndProject
Global
	GlobalSection(SolutionConfigurationPlatforms) = preSolution
		Debug|x64 = Debug|x64
		Debug|x86 = Debug|x86
		Release|x64 = Release|x64
		Release|x86 = Release|x86
	EndGlobalSection
	GlobalSection(ProjectConfigurationPlatforms) = postSolution
		{7B787346-45C6-4E90-AB1E-7820433B3A10}.Debug|x64.ActiveCfg = Debug|x64
		{7B787346-45C6-4E90-AB1E-7820433B3A10}.Debug|x64.Build.0 = Debug|x64
		{7B787346-45C6-4E90-AB1E-7820433B3A10}.Debug|x86.ActiveCfg = Debug|Win32
		{7B787346-45C6-4E90-AB1E-7820433B3A10}.Debug|x86.Build.0 = Debug|Win32
		{7B787346-45C6-4E90-AB1E-7820433B3A10}.Release|x64.ActiveCfg = Release|x64
		{7B787346-45C6-4E90-AB1E-7820433B3A10}.Release|x64.Build.0 = Release|x64
		{7B787346-45C6-4E90-AB1E-7820433B3A10}.Release|x86.ActiveCfg = Release|Win32
		{7B787346-45C6-4E90-AB1E-7820433B3A10}.Release|x86.Build.0 = Release|Win32
	EndGlobalSection
	GlobalSection(SolutionProperties) = preSolution
		HideSolutionNode = FALSE
	EndGlobalSection
	GlobalSection(ExtensibilityGlobals) = postSolution
		SolutionGuid = {15B5DDB8-D775-472A-B8B3-4229F5F103EF}
	EndGlobalSection
EndGlobal
